lockfileVersion: '9.0'

settings:
  autoInstallPeers: true
  excludeLinksFromLockfile: false

importers:

  .:
    dependencies:
      '@hono/valibot-validator':
        specifier: ^0.5.2
        version: 0.5.2(hono@4.7.5)(valibot@1.0.0)
      '@scalar/hono-api-reference':
        specifier: ^0.7.2
        version: 0.7.2(hono@4.7.5)
      '@valibot/to-json-schema':
        specifier: ^1.0.0
        version: 1.0.0(valibot@1.0.0)
      hono:
        specifier: ^4.7.5
        version: 4.7.5
      hono-openapi:
        specifier: ^0.4.6
        version: 0.4.6(@hono/valibot-validator@0.5.2(hono@4.7.5)(valibot@1.0.0))(@valibot/to-json-schema@1.0.0(valibot@1.0.0))(hono@4.7.5)(valibot@1.0.0)(zod@3.24.2)
      valibot:
        specifier: ^1.0.0
        version: 1.0.0

packages:

  '@apidevtools/json-schema-ref-parser@11.9.3':
    resolution: {integrity: sha512-60vepv88RwcJtSHrD6MjIL6Ta3SOYbgfnkHb+ppAVK+o9mXprRtulx7VlRl3lN3bbvysAfCS7WMVfhUYemB0IQ==}
    engines: {node: '>= 16'}

  '@hono/valibot-validator@0.5.2':
    resolution: {integrity: sha512-WbTr8PCFNAME0ale62rmmq+E8bGp5a7VPiVNmNT+Ue12GJE3Ax+CWBGtHhR0TzAEiloPvJND3IbjHIgtNtsqhw==}
    peerDependencies:
      hono: '>=3.9.0'
      valibot: ^1.0.0 || ^1.0.0-beta.4 || ^1.0.0-rc

  '@jsdevtools/ono@7.1.3':
    resolution: {integrity: sha512-4JQNk+3mVzK3xh2rqd6RB4J46qUR19azEHBneZyTZM+c456qOrbbM/5xcR8huNCCcbVt7+UmizG6GuUvPvKUYg==}

  '@scalar/core@0.2.2':
    resolution: {integrity: sha512-jT6vfz37yQnqVjj8kXYEmV2cZvODW1A0PXjxZ9DzKqjm9tIssNwP4vvcdD1FSuiMcj+rgxAxOjIYMI+ybI/9RQ==}
    engines: {node: '>=18'}

  '@scalar/hono-api-reference@0.7.2':
    resolution: {integrity: sha512-CnxRjGfAWPGkV0D5TEwogvn7JSx/f9+ag6vQ6g25GigSDyj/UkxYbZqwe/QOV/+2EWruY3ypOvPuNMf7nEQhdQ==}
    engines: {node: '>=18'}
    peerDependencies:
      hono: ^4.0.0

  '@scalar/openapi-types@0.1.9':
    resolution: {integrity: sha512-HQQudOSQBU7ewzfnBW9LhDmBE2XOJgSfwrh5PlUB7zJup/kaRkBGNgV2wMjNz9Af/uztiU/xNrO179FysmUT+g==}
    engines: {node: '>=18'}

  '@scalar/types@0.1.2':
    resolution: {integrity: sha512-5kCLQRwAYWt1ds110EaUb9yonc3KoQYNyo4YUCigJLOnoNugbqkEX0zRudGevItiuk+xg4uOYd30r3C+6xAasA==}
    engines: {node: '>=18'}

  '@types/json-schema@7.0.15':
    resolution: {integrity: sha512-5+fP8P8MFNC+AyZCDxrB2pkZFPGzqQWUzpSeuuVLvm8VMcorNYavBqoFcxK8bQz4Qsbn4oUEEem4wDLfcysGHA==}

  '@unhead/schema@1.11.20':
    resolution: {integrity: sha512-0zWykKAaJdm+/Y7yi/Yds20PrUK7XabLe9c3IRcjnwYmSWY6z0Cr19VIs3ozCj8P+GhR+/TI2mwtGlueCEYouA==}

  '@valibot/to-json-schema@1.0.0':
    resolution: {integrity: sha512-/9crJgPptVsGCL6X+JPDQyaJwkalSZ/52WuF8DiRUxJgcmpNdzYRfZ+gqMEP8W3CTVfuMWPqqvIgfwJ97f9Etw==}
    peerDependencies:
      valibot: ^1.0.0

  argparse@2.0.1:
    resolution: {integrity: sha512-8+9WqebbFzpX9OR+Wa6O29asIogeRMzcGtAINdpMHHyAg10f05aSFVBbcEqGf/PXw1EjAZ+q2/bEBg3DvurK3Q==}

  clone@2.1.2:
    resolution: {integrity: sha512-3Pe/CF1Nn94hyhIYpjtiLhdCoEoz0DqQ+988E9gmeEdQZlojxnOb74wctFyuwWQHzqyf9X7C7MG8juUpqBJT8w==}
    engines: {node: '>=0.8'}

  hono-openapi@0.4.6:
    resolution: {integrity: sha512-wSDySp2cS5Zcf1OeLG7nCP3eMsCpcDomN137T9B6/Z5Qq3D0nWgMf0I3Gl41SE1rE37OBQ0Smqx3LOP9Hk//7A==}
    peerDependencies:
      '@hono/arktype-validator': ^2.0.0
      '@hono/effect-validator': ^1.2.0
      '@hono/typebox-validator': ^0.2.0 || ^0.3.0
      '@hono/valibot-validator': ^0.5.1
      '@hono/zod-validator': ^0.4.1
      '@sinclair/typebox': ^0.34.9
      '@valibot/to-json-schema': ^1.0.0-beta.3
      arktype: ^2.0.0-rc.25
      effect: ^3.11.3
      hono: ^4.6.13
      openapi-types: ^12.1.3
      valibot: ^1.0.0-beta.9
      zod: ^3.23.8
      zod-openapi: ^4.0.0
    peerDependenciesMeta:
      '@hono/arktype-validator':
        optional: true
      '@hono/effect-validator':
        optional: true
      '@hono/typebox-validator':
        optional: true
      '@hono/valibot-validator':
        optional: true
      '@hono/zod-validator':
        optional: true
      '@sinclair/typebox':
        optional: true
      '@valibot/to-json-schema':
        optional: true
      arktype:
        optional: true
      effect:
        optional: true
      hono:
        optional: true
      openapi-types:
        optional: true
      valibot:
        optional: true
      zod:
        optional: true
      zod-openapi:
        optional: true

  hono@4.7.5:
    resolution: {integrity: sha512-fDOK5W2C1vZACsgLONigdZTRZxuBqFtcKh7bUQ5cVSbwI2RWjloJDcgFOVzbQrlI6pCmhlTsVYZ7zpLj4m4qMQ==}
    engines: {node: '>=16.9.0'}

  hookable@5.5.3:
    resolution: {integrity: sha512-Yc+BQe8SvoXH1643Qez1zqLRmbA5rCL+sSmk6TVos0LWVfNIB7PGncdlId77WzLGSIB5KaWgTaNTs2lNVEI6VQ==}

  js-yaml@4.1.0:
    resolution: {integrity: sha512-wpxZs9NoxZaJESJGIZTyDEaYpl0FKSA+FB9aJiyemKhMwkxQg63h4T1KJgUGHpTqPDNRcmmYLugrRjJlBtWvRA==}
    hasBin: true

  json-schema-walker@2.0.0:
    resolution: {integrity: sha512-nXN2cMky0Iw7Af28w061hmxaPDaML5/bQD9nwm1lOoIKEGjHcRGxqWe4MfrkYThYAPjSUhmsp4bJNoLAyVn9Xw==}
    engines: {node: '>=10'}

  valibot@1.0.0:
    resolution: {integrity: sha512-1Hc0ihzWxBar6NGeZv7fPLY0QuxFMyxwYR2sF1Blu7Wq7EnremwY2W02tit2ij2VJT8HcSkHAQqmFfl77f73Yw==}
    peerDependencies:
      typescript: '>=5'
    peerDependenciesMeta:
      typescript:
        optional: true

  zhead@2.2.4:
    resolution: {integrity: sha512-8F0OI5dpWIA5IGG5NHUg9staDwz/ZPxZtvGVf01j7vHqSyZ0raHY+78atOVxRqb73AotX22uV1pXt3gYSstGag==}

  zod@3.24.2:
    resolution: {integrity: sha512-lY7CDW43ECgW9u1TcT3IoXHflywfVqDYze4waEz812jR/bZ8FHDsl7pFQoSZTz5N+2NqRXs8GBwnAwo3ZNxqhQ==}

snapshots:

  '@apidevtools/json-schema-ref-parser@11.9.3':
    dependencies:
      '@jsdevtools/ono': 7.1.3
      '@types/json-schema': 7.0.15
      js-yaml: 4.1.0

  '@hono/valibot-validator@0.5.2(hono@4.7.5)(valibot@1.0.0)':
    dependencies:
      hono: 4.7.5
      valibot: 1.0.0

  '@jsdevtools/ono@7.1.3': {}

  '@scalar/core@0.2.2':
    dependencies:
      '@scalar/types': 0.1.2

  '@scalar/hono-api-reference@0.7.2(hono@4.7.5)':
    dependencies:
      '@scalar/core': 0.2.2
      hono: 4.7.5

  '@scalar/openapi-types@0.1.9': {}

  '@scalar/types@0.1.2':
    dependencies:
      '@scalar/openapi-types': 0.1.9
      '@unhead/schema': 1.11.20
      zod: 3.24.2

  '@types/json-schema@7.0.15': {}

  '@unhead/schema@1.11.20':
    dependencies:
      hookable: 5.5.3
      zhead: 2.2.4

  '@valibot/to-json-schema@1.0.0(valibot@1.0.0)':
    dependencies:
      valibot: 1.0.0

  argparse@2.0.1: {}

  clone@2.1.2: {}

  hono-openapi@0.4.6(@hono/valibot-validator@0.5.2(hono@4.7.5)(valibot@1.0.0))(@valibot/to-json-schema@1.0.0(valibot@1.0.0))(hono@4.7.5)(valibot@1.0.0)(zod@3.24.2):
    dependencies:
      json-schema-walker: 2.0.0
    optionalDependencies:
      '@hono/valibot-validator': 0.5.2(hono@4.7.5)(valibot@1.0.0)
      '@valibot/to-json-schema': 1.0.0(valibot@1.0.0)
      hono: 4.7.5
      valibot: 1.0.0
      zod: 3.24.2

  hono@4.7.5: {}

  hookable@5.5.3: {}

  js-yaml@4.1.0:
    dependencies:
      argparse: 2.0.1

  json-schema-walker@2.0.0:
    dependencies:
      '@apidevtools/json-schema-ref-parser': 11.9.3
      clone: 2.1.2

  valibot@1.0.0: {}

  zhead@2.2.4: {}

  zod@3.24.2: {}
